github.com/dgrijalva/jwt-go v3.2.0+incompatible h1:7qlOGliEKZXTDg6OTjfoBKDXWrumCAMpl/TFQ4/5kLM=
github.com/dgrijalva/jwt-go v3.2.0+incompatible/go.mod h1:E3ru+11k8xSBh+hMPgOLZmtrrCbhqsmaPHjLKYnJCaQ=
github.com/gorilla/mux v1.8.0 h1:i40aqfkR1h2SlN9hojwV5ZA91wcXFOvkdNIeFDP5koI=
github.com/gorilla/mux v1.8.0/go.mod h1:DVbg23sWSpFRCP0SfiEN6jmj59UnW/n46BH5rLB71So=
github.com/nillga/jwt-server v0.0.0-20220319060454-8ba7d4f67c24 h1:t73rroXkxeD0mMCv6aGLkhofONUwb88QEhuaZRSE7gc=
github.com/nillga/jwt-server v0.0.0-20220319060454-8ba7d4f67c24/go.mod h1:06SxKyxbS+wVwb/MsJbdA+KVFUnnNRSMMbp6lt4p+Yc=
